
Microsoft Visual Studio Solution File, Format Version 12.00
# Visual Studio Version 17
VisualStudioVersion = 17.1.32210.238
MinimumVisualStudioVersion = 10.0.40219.1
Project("{9A19103F-16F7-4668-BE54-9A1E7A4F7556}") = "Test", "Test\Test.csproj", "{66313C0E-F690-45DD-A3D4-9D900C4FF755}"
EndProject
Project("{9A19103F-16F7-4668-BE54-9A1E7A4F7556}") = "CreatingPatterns", "CreatingPatterns\CreatingPatterns.csproj", "{22B91B9C-3B94-4730-AFFF-FA756ED5E9D5}"
EndProject
Project("{FAE04EC0-301F-11D3-BF4B-00C04F79EFBC}") = "StructuralPatterns", "StructuralPatterns\StructuralPatterns.csproj", "{A8FC7CA3-F714-43D4-A882-58AAE5CA2EF1}"
EndProject
Global
	GlobalSection(SolutionConfigurationPlatforms) = preSolution
		Debug|Any CPU = Debug|Any CPU
		Release|Any CPU = Release|Any CPU
	EndGlobalSection
	GlobalSection(ProjectConfigurationPlatforms) = postSolution
		{66313C0E-F690-45DD-A3D4-9D900C4FF755}.Debug|Any CPU.ActiveCfg = Debug|Any CPU
		{66313C0E-F690-45DD-A3D4-9D900C4FF755}.Debug|Any CPU.Build.0 = Debug|Any CPU
		{66313C0E-F690-45DD-A3D4-9D900C4FF755}.Release|Any CPU.ActiveCfg = Release|Any CPU
		{66313C0E-F690-45DD-A3D4-9D900C4FF755}.Release|Any CPU.Build.0 = Release|Any CPU
		{22B91B9C-3B94-4730-AFFF-FA756ED5E9D5}.Debug|Any CPU.ActiveCfg = Debug|Any CPU
		{22B91B9C-3B94-4730-AFFF-FA756ED5E9D5}.Debug|Any CPU.Build.0 = Debug|Any CPU
		{22B91B9C-3B94-4730-AFFF-FA756ED5E9D5}.Release|Any CPU.ActiveCfg = Release|Any CPU
		{22B91B9C-3B94-4730-AFFF-FA756ED5E9D5}.Release|Any CPU.Build.0 = Release|Any CPU
		{A8FC7CA3-F714-43D4-A882-58AAE5CA2EF1}.Debug|Any CPU.ActiveCfg = Debug|Any CPU
		{A8FC7CA3-F714-43D4-A882-58AAE5CA2EF1}.Debug|Any CPU.Build.0 = Debug|Any CPU
		{A8FC7CA3-F714-43D4-A882-58AAE5CA2EF1}.Release|Any CPU.ActiveCfg = Release|Any CPU
		{A8FC7CA3-F714-43D4-A882-58AAE5CA2EF1}.Release|Any CPU.Build.0 = Release|Any CPU
	EndGlobalSection
	GlobalSection(SolutionProperties) = preSolution
		HideSolutionNode = FALSE
	EndGlobalSection
	GlobalSection(ExtensibilityGlobals) = postSolution
		SolutionGuid = {72984DBB-41B1-4EAD-B328-76FF16DEBAFC}
	EndGlobalSection
EndGlobal
